
Microsoft Visual Studio Solution File, Format Version 12.00
# Visual Studio Version 17
VisualStudioVersion = 17.4.33213.308
MinimumVisualStudioVersion = 10.0.40219.1
Project("{FAE04EC0-301F-11D3-BF4B-00C04F79EFBC}") = "IndianStateCounsusAnalyses", "IndianStateCounsusAnalyses\IndianStateCounsusAnalyses.csproj", "{B35C1882-B212-4C14-BCB6-88182D005E1E}"
EndProject
Project("{FAE04EC0-301F-11D3-BF4B-00C04F79EFBC}") = "IndianCensusAnalysisProblem", "IndianCensusAnalysisProblem\IndianCensusAnalysisProblem.csproj", "{313E418B-25AB-40D9-B27C-81C11BA37A79}"
EndProject
Global
	GlobalSection(SolutionConfigurationPlatforms) = preSolution
		Debug|Any CPU = Debug|Any CPU
		Release|Any CPU = Release|Any CPU
	EndGlobalSection
	GlobalSection(ProjectConfigurationPlatforms) = postSolution
		{B35C1882-B212-4C14-BCB6-88182D005E1E}.Debug|Any CPU.ActiveCfg = Debug|Any CPU
		{B35C1882-B212-4C14-BCB6-88182D005E1E}.Debug|Any CPU.Build.0 = Debug|Any CPU
		{B35C1882-B212-4C14-BCB6-88182D005E1E}.Release|Any CPU.ActiveCfg = Release|Any CPU
		{B35C1882-B212-4C14-BCB6-88182D005E1E}.Release|Any CPU.Build.0 = Release|Any CPU
		{313E418B-25AB-40D9-B27C-81C11BA37A79}.Debug|Any CPU.ActiveCfg = Debug|Any CPU
		{313E418B-25AB-40D9-B27C-81C11BA37A79}.Debug|Any CPU.Build.0 = Debug|Any CPU
		{313E418B-25AB-40D9-B27C-81C11BA37A79}.Release|Any CPU.ActiveCfg = Release|Any CPU
		{313E418B-25AB-40D9-B27C-81C11BA37A79}.Release|Any CPU.Build.0 = Release|Any CPU
	EndGlobalSection
	GlobalSection(SolutionProperties) = preSolution
		HideSolutionNode = FALSE
	EndGlobalSection
	GlobalSection(ExtensibilityGlobals) = postSolution
		SolutionGuid = {406CC805-2F20-4CD5-B81E-C606EBDD6B0F}
	EndGlobalSection
EndGlobal
